{
  "name": "nodejs",
  "version": "1.0.0",
  "lockfileVersion": 2,
  "requires": true,
  "packages": {
    "": {
      "name": "nodejs",
      "version": "1.0.0",
      "license": "ISC",
      "dependencies": {
        "@continuous-security/scanner-npm-audit": "^0.0.5",
        "squirrelly": "^8.0.8"
      }
    },
    "node_modules/@continuous-security/scanner-npm-audit": {
      "version": "0.0.5",
      "resolved": "https://registry.npmjs.org/@continuous-security/scanner-npm-audit/-/scanner-npm-audit-0.0.5.tgz",
      "integrity": "sha512-82o8sYwLPEVpM2pz4YoJWw/FgvTlE+Y55YAhkFP9r2EXR9b02mewFKWfLcVu55YY9m7Lu/Z3ESFZgo2QTTSP3w=="
    },
    "node_modules/squirrelly": {
      "version": "8.0.8",
      "resolved": "https://registry.npmjs.org/squirrelly/-/squirrelly-8.0.8.tgz",
      "integrity": "sha512-7dyZJ9Gw86MmH0dYLiESsjGOTj6KG8IWToTaqBuB6LwPI+hyNb6mbQaZwrfnAQ4cMDnSWMUvX/zAYDLTSWLk/w==",
      "engines": {
        "node": ">=6.0.0"
      },
      "funding": {
        "url": "https://github.com/squirrellyjs/squirrelly?sponsor=1"
      }
    }
  },
  "dependencies": {
    "@continuous-security/scanner-npm-audit": {
      "version": "0.0.5",
      "resolved": "https://registry.npmjs.org/@continuous-security/scanner-npm-audit/-/scanner-npm-audit-0.0.5.tgz",
      "integrity": "sha512-82o8sYwLPEVpM2pz4YoJWw/FgvTlE+Y55YAhkFP9r2EXR9b02mewFKWfLcVu55YY9m7Lu/Z3ESFZgo2QTTSP3w=="
    },
    "squirrelly": {
      "version": "8.0.8",
      "resolved": "https://registry.npmjs.org/squirrelly/-/squirrelly-8.0.8.tgz",
      "integrity": "sha512-7dyZJ9Gw86MmH0dYLiESsjGOTj6KG8IWToTaqBuB6LwPI+hyNb6mbQaZwrfnAQ4cMDnSWMUvX/zAYDLTSWLk/w=="
    }
  }
}
